
Microsoft Visual Studio Solution File, Format Version 12.00
# Visual Studio Version 16
VisualStudioVersion = 16.0.30523.141
MinimumVisualStudioVersion = 10.0.40219.1
Project("{FAE04EC0-301F-11D3-BF4B-00C04F79EFBC}") = "FinalYearProject", "FinalYearProject.csproj", "{06AD84A2-8F7B-42F3-8A27-AC65559F87DD}"
EndProject
Global
	GlobalSection(SolutionConfigurationPlatforms) = preSolution
		Debug|Any CPU = Debug|Any CPU
		Release|Any CPU = Release|Any CPU
	EndGlobalSection
	GlobalSection(ProjectConfigurationPlatforms) = postSolution
		{06AD84A2-8F7B-42F3-8A27-AC65559F87DD}.Debug|Any CPU.ActiveCfg = Debug|Any CPU
		{06AD84A2-8F7B-42F3-8A27-AC65559F87DD}.Debug|Any CPU.Build.0 = Debug|Any CPU
		{06AD84A2-8F7B-42F3-8A27-AC65559F87DD}.Release|Any CPU.ActiveCfg = Release|Any CPU
		{06AD84A2-8F7B-42F3-8A27-AC65559F87DD}.Release|Any CPU.Build.0 = Release|Any CPU
	EndGlobalSection
	GlobalSection(SolutionProperties) = preSolution
		HideSolutionNode = FALSE
	EndGlobalSection
	GlobalSection(ExtensibilityGlobals) = postSolution
		SolutionGuid = {F98F2CF9-1543-4EBA-8160-399695036CE1}
	EndGlobalSection
EndGlobal
